
Microsoft Visual Studio Solution File, Format Version 12.00
# Visual Studio 15
VisualStudioVersion = 15.0.27703.2018
MinimumVisualStudioVersion = 10.0.40219.1
Project("{9A19103F-16F7-4668-BE54-9A1E7A4F7556}") = "imbACE.Core", "imbACE.Core\imbACE.Core.csproj", "{665A5734-0115-4B7A-A3AF-85C63F4C97CB}"
EndProject
Project("{9A19103F-16F7-4668-BE54-9A1E7A4F7556}") = "imbACE.Network", "imbACE.Network\imbACE.Network.csproj", "{EEA3F074-0C8A-4E94-9870-AA40A7782E76}"
EndProject
Project("{9A19103F-16F7-4668-BE54-9A1E7A4F7556}") = "imbACE.Services", "imbACE.Services\imbACE.Services.csproj", "{46CA168F-22BD-4813-B465-6688F5889252}"
EndProject
Project("{9A19103F-16F7-4668-BE54-9A1E7A4F7556}") = "imbACE.Generator", "imbACE.Generator\imbACE.Generator.csproj", "{47A3DA9C-3051-4F70-BBAC-CA6DBA372E12}"
EndProject
Project("{9A19103F-16F7-4668-BE54-9A1E7A4F7556}") = "imbACE.Generator.Xamarin", "imbACE.Generator.Xamarin\imbACE.Generator.Xamarin.csproj", "{036E0CBF-B98C-4A20-AADF-9C2AD20F1357}"
EndProject
Project("{9A19103F-16F7-4668-BE54-9A1E7A4F7556}") = "imbACE.SciencePlugins", "imbACE.SciencePlugins\imbACE.SciencePlugins.csproj", "{B26CBDAE-754C-4D83-9503-2CCD4B1BAB8C}"
EndProject
Project("{FAE04EC0-301F-11D3-BF4B-00C04F79EFBC}") = "imbACE.TemplateExtensions", "imbACE.TemplateExtensions\imbACE.TemplateExtensions.csproj", "{ADE3EF4F-AB24-4C3F-B041-7D0BE4C6AEBE}"
EndProject
Project("{FAE04EC0-301F-11D3-BF4B-00C04F79EFBC}") = "imbACE.PluginAndConsoleProjectTemplate", "imbACE.PluginAndConsoleProjectTemplate\imbACE.PluginAndConsoleProjectTemplate.csproj", "{ACEE7F1E-AF53-4071-BFB6-307889088A66}"
EndProject
Project("{2150E333-8FDC-42A3-9474-1A3956D46DE8}") = "1. First Layer", "1. First Layer", "{14E50DB5-5526-4833-8365-AFD2EB27C11E}"
EndProject
Project("{2150E333-8FDC-42A3-9474-1A3956D46DE8}") = "2. Platform packages - generators", "2. Platform packages - generators", "{E04786DD-9CE7-4F89-85AF-37633E076F8B}"
EndProject
Project("{2150E333-8FDC-42A3-9474-1A3956D46DE8}") = "4. Extensions", "4. Extensions", "{4648958A-E434-48C4-8243-3210BF89EEB0}"
EndProject
Project("{2150E333-8FDC-42A3-9474-1A3956D46DE8}") = "3. Science layer", "3. Science layer", "{614F13AF-9406-4D50-B87D-F59B66DA3711}"
EndProject
Project("{2150E333-8FDC-42A3-9474-1A3956D46DE8}") = "5. Demo", "5. Demo", "{F4E18680-8EE4-4405-9505-D82340ABA6F2}"
EndProject
Project("{9A19103F-16F7-4668-BE54-9A1E7A4F7556}") = "imbACE.Generator.WinForms", "imbACE.Generator.WinForms\imbACE.Generator.WinForms.csproj", "{83C031C2-7783-4475-B548-C3C227B79D05}"
EndProject
Project("{2150E333-8FDC-42A3-9474-1A3956D46DE8}") = "Documentation", "Documentation", "{BC588114-59C6-4763-932A-DBF3051E0EE5}"
EndProject
Project("{FAE04EC0-301F-11D3-BF4B-00C04F79EFBC}") = "imbACE.VSIX", "imbACE.VSIX\imbACE.VSIX.csproj", "{BA99F038-19E9-477F-BDE9-4FD24F02AB38}"
EndProject
Project("{FAE04EC0-301F-11D3-BF4B-00C04F79EFBC}") = "imbACE.VSIX.ConsoleApplicationTemplate", "imbACE.VSIX.ConsoleApplicationTemplate\imbACE.VSIX.ConsoleApplicationTemplate.csproj", "{FD511D2A-D5CA-4D2E-951C-2E11436A7B28}"
EndProject
Project("{2150E333-8FDC-42A3-9474-1A3956D46DE8}") = "BasicPack", "BasicPack", "{B979422E-0028-4A9D-859D-5624EEB32706}"
EndProject
Project("{FAE04EC0-301F-11D3-BF4B-00C04F79EFBC}") = "imbSCI.ProjectTemplate.MultiTarget", "imbSCI.ProjectTemplate.MultiTarget\imbSCI.ProjectTemplate.MultiTarget.csproj", "{6A5F78CE-43AF-4019-B82E-D37C33838350}"
EndProject
Project("{FAE04EC0-301F-11D3-BF4B-00C04F79EFBC}") = "imbACE.ProjectTemplate.ConsoleApplication", "imbACE.ProjectTemplate.ConsoleApplication\imbACE.ProjectTemplate.ConsoleApplication.csproj", "{E3F17698-1CA9-4476-92F3-817F4490837A}"
EndProject
Project("{FAE04EC0-301F-11D3-BF4B-00C04F79EFBC}") = "imbACE.Extension.BasicPack", "imbACE.Extension.BasicPack\imbACE.Extension.BasicPack.csproj", "{148AD499-AE9C-46DA-9996-6FC5F51F7AD9}"
EndProject
Project("{FAE04EC0-301F-11D3-BF4B-00C04F79EFBC}") = "imbSCI.ItemTemplate.NamespaceDoc", "imbSCI.ItemTemplate.NamespaceDoc\imbSCI.ItemTemplate.NamespaceDoc.csproj", "{1CC9309D-1C4E-4285-B7B1-620CDF7217B9}"
EndProject
Project("{7CF6DF6D-3B04-46F8-A40B-537D21BCA0B4}") = "imbACE", "imbACE.Documentation\imbACE.shfbproj", "{0441AF93-8B03-4D72-B721-7301D0DE6D1C}"
EndProject
Project("{FAE04EC0-301F-11D3-BF4B-00C04F79EFBC}") = "imbSCI.ItemTemplate.GlobalConfiguration", "imbSCI.ItemTemplate.GlobalConfiguration\imbSCI.ItemTemplate.GlobalConfiguration.csproj", "{F0771F3F-B95D-4F8D-9B30-0A5AD96507E2}"
EndProject
Project("{FAE04EC0-301F-11D3-BF4B-00C04F79EFBC}") = "imbACE.ItemTemplate.AdvancedConsole", "imbACE.ItemTemplate.AdvancedConsole\imbACE.ItemTemplate.AdvancedConsole.csproj", "{0E6E6CF1-043A-43CB-9CDC-0DEAC3AB2F9E}"
EndProject
Project("{FAE04EC0-301F-11D3-BF4B-00C04F79EFBC}") = "imbACE.ItemTemplate.AdvancedConsolePlugin", "imbACE.ItemTemplate.AdvancedConsolePlugin\imbACE.ItemTemplate.AdvancedConsolePlugin.csproj", "{B970904A-2D17-44C2-BCB2-6EA88157776F}"
EndProject
Project("{FAE04EC0-301F-11D3-BF4B-00C04F79EFBC}") = "imbNLP.ItemTemplate.TransliterationRuleSet", "imbNLP.ItemTemplate.TransliterationRuleSet\imbNLP.ItemTemplate.TransliterationRuleSet.csproj", "{4391B450-0EAD-4BD1-964D-317AB7612F24}"
EndProject
Project("{9A19103F-16F7-4668-BE54-9A1E7A4F7556}") = "ConsoleApplication", "ConsoleApplication\ConsoleApplication.csproj", "{814CB7C1-66B8-4CC8-8F38-008F83EAC691}"
EndProject
Project("{FAE04EC0-301F-11D3-BF4B-00C04F79EFBC}") = "ConsoleApplication2", "ConsoleApplication2\ConsoleApplication2.csproj", "{CDACEADF-292C-49CF-8D2B-A8210AB6BF14}"
EndProject
Project("{FAE04EC0-301F-11D3-BF4B-00C04F79EFBC}") = "imbSCI.ProjectTemplate.MultiTarget1", "imbSCI.ProjectTemplate.MultiTarget1\imbSCI.ProjectTemplate.MultiTarget1.csproj", "{17F157FD-7700-4045-9366-F7491B0CE743}"
EndProject
Global
	GlobalSection(SolutionConfigurationPlatforms) = preSolution
		Debug|Any CPU = Debug|Any CPU
		Release|Any CPU = Release|Any CPU
	EndGlobalSection
	GlobalSection(ProjectConfigurationPlatforms) = postSolution
		{665A5734-0115-4B7A-A3AF-85C63F4C97CB}.Debug|Any CPU.ActiveCfg = Debug|Any CPU
		{665A5734-0115-4B7A-A3AF-85C63F4C97CB}.Debug|Any CPU.Build.0 = Debug|Any CPU
		{665A5734-0115-4B7A-A3AF-85C63F4C97CB}.Release|Any CPU.ActiveCfg = Release|Any CPU
		{665A5734-0115-4B7A-A3AF-85C63F4C97CB}.Release|Any CPU.Build.0 = Release|Any CPU
		{EEA3F074-0C8A-4E94-9870-AA40A7782E76}.Debug|Any CPU.ActiveCfg = Debug|Any CPU
		{EEA3F074-0C8A-4E94-9870-AA40A7782E76}.Debug|Any CPU.Build.0 = Debug|Any CPU
		{EEA3F074-0C8A-4E94-9870-AA40A7782E76}.Release|Any CPU.ActiveCfg = Release|Any CPU
		{EEA3F074-0C8A-4E94-9870-AA40A7782E76}.Release|Any CPU.Build.0 = Release|Any CPU
		{46CA168F-22BD-4813-B465-6688F5889252}.Debug|Any CPU.ActiveCfg = Debug|Any CPU
		{46CA168F-22BD-4813-B465-6688F5889252}.Debug|Any CPU.Build.0 = Debug|Any CPU
		{46CA168F-22BD-4813-B465-6688F5889252}.Release|Any CPU.ActiveCfg = Release|Any CPU
		{46CA168F-22BD-4813-B465-6688F5889252}.Release|Any CPU.Build.0 = Release|Any CPU
		{47A3DA9C-3051-4F70-BBAC-CA6DBA372E12}.Debug|Any CPU.ActiveCfg = Debug|Any CPU
		{47A3DA9C-3051-4F70-BBAC-CA6DBA372E12}.Debug|Any CPU.Build.0 = Debug|Any CPU
		{47A3DA9C-3051-4F70-BBAC-CA6DBA372E12}.Release|Any CPU.ActiveCfg = Release|Any CPU
		{47A3DA9C-3051-4F70-BBAC-CA6DBA372E12}.Release|Any CPU.Build.0 = Release|Any CPU
		{036E0CBF-B98C-4A20-AADF-9C2AD20F1357}.Debug|Any CPU.ActiveCfg = Debug|Any CPU
		{036E0CBF-B98C-4A20-AADF-9C2AD20F1357}.Debug|Any CPU.Build.0 = Debug|Any CPU
		{036E0CBF-B98C-4A20-AADF-9C2AD20F1357}.Release|Any CPU.ActiveCfg = Release|Any CPU
		{036E0CBF-B98C-4A20-AADF-9C2AD20F1357}.Release|Any CPU.Build.0 = Release|Any CPU
		{B26CBDAE-754C-4D83-9503-2CCD4B1BAB8C}.Debug|Any CPU.ActiveCfg = Debug|Any CPU
		{B26CBDAE-754C-4D83-9503-2CCD4B1BAB8C}.Debug|Any CPU.Build.0 = Debug|Any CPU
		{B26CBDAE-754C-4D83-9503-2CCD4B1BAB8C}.Release|Any CPU.ActiveCfg = Release|Any CPU
		{B26CBDAE-754C-4D83-9503-2CCD4B1BAB8C}.Release|Any CPU.Build.0 = Release|Any CPU
		{ADE3EF4F-AB24-4C3F-B041-7D0BE4C6AEBE}.Debug|Any CPU.ActiveCfg = Debug|Any CPU
		{ADE3EF4F-AB24-4C3F-B041-7D0BE4C6AEBE}.Debug|Any CPU.Build.0 = Debug|Any CPU
		{ADE3EF4F-AB24-4C3F-B041-7D0BE4C6AEBE}.Release|Any CPU.ActiveCfg = Release|Any CPU
		{ADE3EF4F-AB24-4C3F-B041-7D0BE4C6AEBE}.Release|Any CPU.Build.0 = Release|Any CPU
		{ACEE7F1E-AF53-4071-BFB6-307889088A66}.Debug|Any CPU.ActiveCfg = Debug|Any CPU
		{ACEE7F1E-AF53-4071-BFB6-307889088A66}.Debug|Any CPU.Build.0 = Debug|Any CPU
		{ACEE7F1E-AF53-4071-BFB6-307889088A66}.Release|Any CPU.ActiveCfg = Release|Any CPU
		{ACEE7F1E-AF53-4071-BFB6-307889088A66}.Release|Any CPU.Build.0 = Release|Any CPU
		{83C031C2-7783-4475-B548-C3C227B79D05}.Debug|Any CPU.ActiveCfg = Debug|Any CPU
		{83C031C2-7783-4475-B548-C3C227B79D05}.Debug|Any CPU.Build.0 = Debug|Any CPU
		{83C031C2-7783-4475-B548-C3C227B79D05}.Release|Any CPU.ActiveCfg = Release|Any CPU
		{83C031C2-7783-4475-B548-C3C227B79D05}.Release|Any CPU.Build.0 = Release|Any CPU
		{BA99F038-19E9-477F-BDE9-4FD24F02AB38}.Debug|Any CPU.ActiveCfg = Debug|Any CPU
		{BA99F038-19E9-477F-BDE9-4FD24F02AB38}.Debug|Any CPU.Build.0 = Debug|Any CPU
		{BA99F038-19E9-477F-BDE9-4FD24F02AB38}.Release|Any CPU.ActiveCfg = Release|Any CPU
		{BA99F038-19E9-477F-BDE9-4FD24F02AB38}.Release|Any CPU.Build.0 = Release|Any CPU
		{FD511D2A-D5CA-4D2E-951C-2E11436A7B28}.Debug|Any CPU.ActiveCfg = Debug|Any CPU
		{FD511D2A-D5CA-4D2E-951C-2E11436A7B28}.Debug|Any CPU.Build.0 = Debug|Any CPU
		{FD511D2A-D5CA-4D2E-951C-2E11436A7B28}.Release|Any CPU.ActiveCfg = Release|Any CPU
		{FD511D2A-D5CA-4D2E-951C-2E11436A7B28}.Release|Any CPU.Build.0 = Release|Any CPU
		{6A5F78CE-43AF-4019-B82E-D37C33838350}.Debug|Any CPU.ActiveCfg = Debug|Any CPU
		{6A5F78CE-43AF-4019-B82E-D37C33838350}.Debug|Any CPU.Build.0 = Debug|Any CPU
		{6A5F78CE-43AF-4019-B82E-D37C33838350}.Release|Any CPU.ActiveCfg = Release|Any CPU
		{6A5F78CE-43AF-4019-B82E-D37C33838350}.Release|Any CPU.Build.0 = Release|Any CPU
		{E3F17698-1CA9-4476-92F3-817F4490837A}.Debug|Any CPU.ActiveCfg = Debug|Any CPU
		{E3F17698-1CA9-4476-92F3-817F4490837A}.Debug|Any CPU.Build.0 = Debug|Any CPU
		{E3F17698-1CA9-4476-92F3-817F4490837A}.Release|Any CPU.ActiveCfg = Release|Any CPU
		{E3F17698-1CA9-4476-92F3-817F4490837A}.Release|Any CPU.Build.0 = Release|Any CPU
		{148AD499-AE9C-46DA-9996-6FC5F51F7AD9}.Debug|Any CPU.ActiveCfg = Debug|Any CPU
		{148AD499-AE9C-46DA-9996-6FC5F51F7AD9}.Debug|Any CPU.Build.0 = Debug|Any CPU
		{148AD499-AE9C-46DA-9996-6FC5F51F7AD9}.Release|Any CPU.ActiveCfg = Release|Any CPU
		{148AD499-AE9C-46DA-9996-6FC5F51F7AD9}.Release|Any CPU.Build.0 = Release|Any CPU
		{1CC9309D-1C4E-4285-B7B1-620CDF7217B9}.Debug|Any CPU.ActiveCfg = Debug|Any CPU
		{1CC9309D-1C4E-4285-B7B1-620CDF7217B9}.Debug|Any CPU.Build.0 = Debug|Any CPU
		{1CC9309D-1C4E-4285-B7B1-620CDF7217B9}.Release|Any CPU.ActiveCfg = Release|Any CPU
		{1CC9309D-1C4E-4285-B7B1-620CDF7217B9}.Release|Any CPU.Build.0 = Release|Any CPU
		{0441AF93-8B03-4D72-B721-7301D0DE6D1C}.Debug|Any CPU.ActiveCfg = Debug|Any CPU
		{0441AF93-8B03-4D72-B721-7301D0DE6D1C}.Debug|Any CPU.Build.0 = Debug|Any CPU
		{0441AF93-8B03-4D72-B721-7301D0DE6D1C}.Release|Any CPU.ActiveCfg = Release|Any CPU
		{0441AF93-8B03-4D72-B721-7301D0DE6D1C}.Release|Any CPU.Build.0 = Release|Any CPU
		{F0771F3F-B95D-4F8D-9B30-0A5AD96507E2}.Debug|Any CPU.ActiveCfg = Debug|Any CPU
		{F0771F3F-B95D-4F8D-9B30-0A5AD96507E2}.Debug|Any CPU.Build.0 = Debug|Any CPU
		{F0771F3F-B95D-4F8D-9B30-0A5AD96507E2}.Release|Any CPU.ActiveCfg = Release|Any CPU
		{F0771F3F-B95D-4F8D-9B30-0A5AD96507E2}.Release|Any CPU.Build.0 = Release|Any CPU
		{0E6E6CF1-043A-43CB-9CDC-0DEAC3AB2F9E}.Debug|Any CPU.ActiveCfg = Debug|Any CPU
		{0E6E6CF1-043A-43CB-9CDC-0DEAC3AB2F9E}.Debug|Any CPU.Build.0 = Debug|Any CPU
		{0E6E6CF1-043A-43CB-9CDC-0DEAC3AB2F9E}.Release|Any CPU.ActiveCfg = Release|Any CPU
		{0E6E6CF1-043A-43CB-9CDC-0DEAC3AB2F9E}.Release|Any CPU.Build.0 = Release|Any CPU
		{B970904A-2D17-44C2-BCB2-6EA88157776F}.Debug|Any CPU.ActiveCfg = Debug|Any CPU
		{B970904A-2D17-44C2-BCB2-6EA88157776F}.Debug|Any CPU.Build.0 = Debug|Any CPU
		{B970904A-2D17-44C2-BCB2-6EA88157776F}.Release|Any CPU.ActiveCfg = Release|Any CPU
		{B970904A-2D17-44C2-BCB2-6EA88157776F}.Release|Any CPU.Build.0 = Release|Any CPU
		{4391B450-0EAD-4BD1-964D-317AB7612F24}.Debug|Any CPU.ActiveCfg = Debug|Any CPU
		{4391B450-0EAD-4BD1-964D-317AB7612F24}.Debug|Any CPU.Build.0 = Debug|Any CPU
		{4391B450-0EAD-4BD1-964D-317AB7612F24}.Release|Any CPU.ActiveCfg = Release|Any CPU
		{4391B450-0EAD-4BD1-964D-317AB7612F24}.Release|Any CPU.Build.0 = Release|Any CPU
		{814CB7C1-66B8-4CC8-8F38-008F83EAC691}.Debug|Any CPU.ActiveCfg = Debug|Any CPU
		{814CB7C1-66B8-4CC8-8F38-008F83EAC691}.Debug|Any CPU.Build.0 = Debug|Any CPU
		{814CB7C1-66B8-4CC8-8F38-008F83EAC691}.Release|Any CPU.ActiveCfg = Release|Any CPU
		{814CB7C1-66B8-4CC8-8F38-008F83EAC691}.Release|Any CPU.Build.0 = Release|Any CPU
		{CDACEADF-292C-49CF-8D2B-A8210AB6BF14}.Debug|Any CPU.ActiveCfg = Debug|Any CPU
		{CDACEADF-292C-49CF-8D2B-A8210AB6BF14}.Debug|Any CPU.Build.0 = Debug|Any CPU
		{CDACEADF-292C-49CF-8D2B-A8210AB6BF14}.Release|Any CPU.ActiveCfg = Release|Any CPU
		{CDACEADF-292C-49CF-8D2B-A8210AB6BF14}.Release|Any CPU.Build.0 = Release|Any CPU
		{17F157FD-7700-4045-9366-F7491B0CE743}.Debug|Any CPU.ActiveCfg = Debug|Any CPU
		{17F157FD-7700-4045-9366-F7491B0CE743}.Debug|Any CPU.Build.0 = Debug|Any CPU
		{17F157FD-7700-4045-9366-F7491B0CE743}.Release|Any CPU.ActiveCfg = Release|Any CPU
		{17F157FD-7700-4045-9366-F7491B0CE743}.Release|Any CPU.Build.0 = Release|Any CPU
	EndGlobalSection
	GlobalSection(SolutionProperties) = preSolution
		HideSolutionNode = FALSE
	EndGlobalSection
	GlobalSection(NestedProjects) = preSolution
		{665A5734-0115-4B7A-A3AF-85C63F4C97CB} = {14E50DB5-5526-4833-8365-AFD2EB27C11E}
		{EEA3F074-0C8A-4E94-9870-AA40A7782E76} = {14E50DB5-5526-4833-8365-AFD2EB27C11E}
		{46CA168F-22BD-4813-B465-6688F5889252} = {14E50DB5-5526-4833-8365-AFD2EB27C11E}
		{47A3DA9C-3051-4F70-BBAC-CA6DBA372E12} = {E04786DD-9CE7-4F89-85AF-37633E076F8B}
		{036E0CBF-B98C-4A20-AADF-9C2AD20F1357} = {E04786DD-9CE7-4F89-85AF-37633E076F8B}
		{B26CBDAE-754C-4D83-9503-2CCD4B1BAB8C} = {614F13AF-9406-4D50-B87D-F59B66DA3711}
		{ADE3EF4F-AB24-4C3F-B041-7D0BE4C6AEBE} = {4648958A-E434-48C4-8243-3210BF89EEB0}
		{ACEE7F1E-AF53-4071-BFB6-307889088A66} = {4648958A-E434-48C4-8243-3210BF89EEB0}
		{83C031C2-7783-4475-B548-C3C227B79D05} = {E04786DD-9CE7-4F89-85AF-37633E076F8B}
		{BA99F038-19E9-477F-BDE9-4FD24F02AB38} = {4648958A-E434-48C4-8243-3210BF89EEB0}
		{FD511D2A-D5CA-4D2E-951C-2E11436A7B28} = {4648958A-E434-48C4-8243-3210BF89EEB0}
		{B979422E-0028-4A9D-859D-5624EEB32706} = {4648958A-E434-48C4-8243-3210BF89EEB0}
		{6A5F78CE-43AF-4019-B82E-D37C33838350} = {B979422E-0028-4A9D-859D-5624EEB32706}
		{E3F17698-1CA9-4476-92F3-817F4490837A} = {B979422E-0028-4A9D-859D-5624EEB32706}
		{148AD499-AE9C-46DA-9996-6FC5F51F7AD9} = {B979422E-0028-4A9D-859D-5624EEB32706}
		{1CC9309D-1C4E-4285-B7B1-620CDF7217B9} = {B979422E-0028-4A9D-859D-5624EEB32706}
		{0441AF93-8B03-4D72-B721-7301D0DE6D1C} = {BC588114-59C6-4763-932A-DBF3051E0EE5}
		{F0771F3F-B95D-4F8D-9B30-0A5AD96507E2} = {B979422E-0028-4A9D-859D-5624EEB32706}
		{0E6E6CF1-043A-43CB-9CDC-0DEAC3AB2F9E} = {B979422E-0028-4A9D-859D-5624EEB32706}
		{B970904A-2D17-44C2-BCB2-6EA88157776F} = {B979422E-0028-4A9D-859D-5624EEB32706}
		{4391B450-0EAD-4BD1-964D-317AB7612F24} = {B979422E-0028-4A9D-859D-5624EEB32706}
		{814CB7C1-66B8-4CC8-8F38-008F83EAC691} = {F4E18680-8EE4-4405-9505-D82340ABA6F2}
		{CDACEADF-292C-49CF-8D2B-A8210AB6BF14} = {F4E18680-8EE4-4405-9505-D82340ABA6F2}
		{17F157FD-7700-4045-9366-F7491B0CE743} = {F4E18680-8EE4-4405-9505-D82340ABA6F2}
	EndGlobalSection
	GlobalSection(ExtensibilityGlobals) = postSolution
		SolutionGuid = {CCC82FC0-ADC1-4EC2-A618-48600B851717}
	EndGlobalSection
EndGlobal
