
Microsoft Visual Studio Solution File, Format Version 12.00
# Visual Studio 15
VisualStudioVersion = 15.0.27004.2009
MinimumVisualStudioVersion = 10.0.40219.1
Project("{7CF6DF6D-3B04-46F8-A40B-537D21BCA0B4}") = "imbACE", "imbACE.shfbproj", "{0441AF93-8B03-4D72-B721-7301D0DE6D1C}"
EndProject
Project("{7CF6DF6D-3B04-46F8-A40B-537D21BCA0B4}") = "imbSCI.Sandcastle", "..\imbSCI\imbSCI.Sandcastle\imbSCI.Sandcastle.shfbproj", "{0EE97927-F515-41C5-93AF-2FEFACE008F1}"
EndProject
Project("{7CF6DF6D-3B04-46F8-A40B-537D21BCA0B4}") = "imbWEM", "..\imbWEM\imbWEM.shfbproj", "{8C08EC64-07D5-4285-B6A2-2572558C29C6}"
EndProject
Project("{7CF6DF6D-3B04-46F8-A40B-537D21BCA0B4}") = "imbNLP", "..\imbNLP\imbNLP.shfbproj", "{AB145693-D96C-43DD-9573-CA7BE27625D4}"
EndProject
Project("{7CF6DF6D-3B04-46F8-A40B-537D21BCA0B4}") = "imbWBI", "..\imbWBI\imbWBI.shfbproj", "{5EE613D5-469E-4A06-B704-3947F92E4F10}"
EndProject
Global
	GlobalSection(SolutionConfigurationPlatforms) = preSolution
		Debug|Any CPU = Debug|Any CPU
		Release|Any CPU = Release|Any CPU
	EndGlobalSection
	GlobalSection(ProjectConfigurationPlatforms) = postSolution
		{0441AF93-8B03-4D72-B721-7301D0DE6D1C}.Debug|Any CPU.ActiveCfg = Debug|Any CPU
		{0441AF93-8B03-4D72-B721-7301D0DE6D1C}.Debug|Any CPU.Build.0 = Debug|Any CPU
		{0441AF93-8B03-4D72-B721-7301D0DE6D1C}.Release|Any CPU.ActiveCfg = Release|Any CPU
		{0441AF93-8B03-4D72-B721-7301D0DE6D1C}.Release|Any CPU.Build.0 = Release|Any CPU
		{0EE97927-F515-41C5-93AF-2FEFACE008F1}.Debug|Any CPU.ActiveCfg = Debug|Any CPU
		{0EE97927-F515-41C5-93AF-2FEFACE008F1}.Debug|Any CPU.Build.0 = Debug|Any CPU
		{0EE97927-F515-41C5-93AF-2FEFACE008F1}.Release|Any CPU.ActiveCfg = Release|Any CPU
		{0EE97927-F515-41C5-93AF-2FEFACE008F1}.Release|Any CPU.Build.0 = Release|Any CPU
		{8C08EC64-07D5-4285-B6A2-2572558C29C6}.Debug|Any CPU.ActiveCfg = Debug|Any CPU
		{8C08EC64-07D5-4285-B6A2-2572558C29C6}.Debug|Any CPU.Build.0 = Debug|Any CPU
		{8C08EC64-07D5-4285-B6A2-2572558C29C6}.Release|Any CPU.ActiveCfg = Release|Any CPU
		{8C08EC64-07D5-4285-B6A2-2572558C29C6}.Release|Any CPU.Build.0 = Release|Any CPU
		{AB145693-D96C-43DD-9573-CA7BE27625D4}.Debug|Any CPU.ActiveCfg = Debug|Any CPU
		{AB145693-D96C-43DD-9573-CA7BE27625D4}.Debug|Any CPU.Build.0 = Debug|Any CPU
		{AB145693-D96C-43DD-9573-CA7BE27625D4}.Release|Any CPU.ActiveCfg = Release|Any CPU
		{AB145693-D96C-43DD-9573-CA7BE27625D4}.Release|Any CPU.Build.0 = Release|Any CPU
		{5EE613D5-469E-4A06-B704-3947F92E4F10}.Debug|Any CPU.ActiveCfg = Debug|Any CPU
		{5EE613D5-469E-4A06-B704-3947F92E4F10}.Debug|Any CPU.Build.0 = Debug|Any CPU
		{5EE613D5-469E-4A06-B704-3947F92E4F10}.Release|Any CPU.ActiveCfg = Release|Any CPU
		{5EE613D5-469E-4A06-B704-3947F92E4F10}.Release|Any CPU.Build.0 = Release|Any CPU
	EndGlobalSection
	GlobalSection(SolutionProperties) = preSolution
		HideSolutionNode = FALSE
	EndGlobalSection
	GlobalSection(ExtensibilityGlobals) = postSolution
		SolutionGuid = {D5FCD79A-2097-401F-AAE1-B089855AE509}
	EndGlobalSection
EndGlobal
